// !$*UTF8*$!
{
	archiveVersion = 1;
	classes = {
	};
	objectVersion = 46;
	objects = {

/* Begin PBXBuildFile section */
		F11B6775193C740600F8BE44 /* TableView.m in Sources */ = {isa = PBXBuildFile; fileRef = F11B6774193C740600F8BE44 /* TableView.m */; };
		F11B6778193D258F00F8BE44 /* UITableViewCell+AutolayoutSupport.m in Sources */ = {isa = PBXBuildFile; fileRef = F11B6777193D258F00F8BE44 /* UITableViewCell+AutolayoutSupport.m */; };
		F11B6779193D258F00F8BE44 /* UITableViewCell+AutolayoutSupport.m in Sources */ = {isa = PBXBuildFile; fileRef = F11B6777193D258F00F8BE44 /* UITableViewCell+AutolayoutSupport.m */; };
		F168252F1936621200D801FD /* Foundation.framework in Frameworks */ = {isa = PBXBuildFile; fileRef = F168252E1936621200D801FD /* Foundation.framework */; };
		F16825311936621200D801FD /* CoreGraphics.framework in Frameworks */ = {isa = PBXBuildFile; fileRef = F16825301936621200D801FD /* CoreGraphics.framework */; };
		F16825331936621200D801FD /* UIKit.framework in Frameworks */ = {isa = PBXBuildFile; fileRef = F16825321936621200D801FD /* UIKit.framework */; };
		F16825391936621200D801FD /* InfoPlist.strings in Resources */ = {isa = PBXBuildFile; fileRef = F16825371936621200D801FD /* InfoPlist.strings */; };
		F168253B1936621200D801FD /* main.m in Sources */ = {isa = PBXBuildFile; fileRef = F168253A1936621200D801FD /* main.m */; };
		F168253F1936621200D801FD /* AppDelegate.m in Sources */ = {isa = PBXBuildFile; fileRef = F168253E1936621200D801FD /* AppDelegate.m */; };
		F16825481936621200D801FD /* ViewController.m in Sources */ = {isa = PBXBuildFile; fileRef = F16825471936621200D801FD /* ViewController.m */; };
		F168254A1936621200D801FD /* Images.xcassets in Resources */ = {isa = PBXBuildFile; fileRef = F16825491936621200D801FD /* Images.xcassets */; };
		F16825511936621200D801FD /* XCTest.framework in Frameworks */ = {isa = PBXBuildFile; fileRef = F16825501936621200D801FD /* XCTest.framework */; };
		F16825521936621200D801FD /* Foundation.framework in Frameworks */ = {isa = PBXBuildFile; fileRef = F168252E1936621200D801FD /* Foundation.framework */; };
		F16825531936621200D801FD /* UIKit.framework in Frameworks */ = {isa = PBXBuildFile; fileRef = F16825321936621200D801FD /* UIKit.framework */; };
		F168255B1936621200D801FD /* InfoPlist.strings in Resources */ = {isa = PBXBuildFile; fileRef = F16825591936621200D801FD /* InfoPlist.strings */; };
		F168255D1936621200D801FD /* TableViewCellAutolayoutSizingTests.m in Sources */ = {isa = PBXBuildFile; fileRef = F168255C1936621200D801FD /* TableViewCellAutolayoutSizingTests.m */; };
		F168256C193695CF00D801FD /* LabelTableViewCell.m in Sources */ = {isa = PBXBuildFile; fileRef = F168256B193695CF00D801FD /* LabelTableViewCell.m */; };
		F168256D193695CF00D801FD /* LabelTableViewCell.m in Sources */ = {isa = PBXBuildFile; fileRef = F168256B193695CF00D801FD /* LabelTableViewCell.m */; };
/* End PBXBuildFile section */

/* Begin PBXContainerItemProxy section */
		F16825541936621200D801FD /* PBXContainerItemProxy */ = {
			isa = PBXContainerItemProxy;
			containerPortal = F16825231936621200D801FD /* Project object */;
			proxyType = 1;
			remoteGlobalIDString = F168252A1936621200D801FD;
			remoteInfo = TableViewCellAutolayoutSizing;
		};
/* End PBXContainerItemProxy section */

/* Begin PBXFileReference section */
		F11B6773193C740600F8BE44 /* TableView.h */ = {isa = PBXFileReference; fileEncoding = 4; lastKnownFileType = sourcecode.c.h; path = TableView.h; sourceTree = "<group>"; };
		F11B6774193C740600F8BE44 /* TableView.m */ = {isa = PBXFileReference; fileEncoding = 4; lastKnownFileType = sourcecode.c.objc; path = TableView.m; sourceTree = "<group>"; };
		F11B6776193D258F00F8BE44 /* UITableViewCell+AutolayoutSupport.h */ = {isa = PBXFileReference; fileEncoding = 4; lastKnownFileType = sourcecode.c.h; path = "UITableViewCell+AutolayoutSupport.h"; sourceTree = "<group>"; };
		F11B6777193D258F00F8BE44 /* UITableViewCell+AutolayoutSupport.m */ = {isa = PBXFileReference; fileEncoding = 4; lastKnownFileType = sourcecode.c.objc; path = "UITableViewCell+AutolayoutSupport.m"; sourceTree = "<group>"; };
		F168252B1936621200D801FD /* TableViewCellAutolayoutSizing.app */ = {isa = PBXFileReference; explicitFileType = wrapper.application; includeInIndex = 0; path = TableViewCellAutolayoutSizing.app; sourceTree = BUILT_PRODUCTS_DIR; };
		F168252E1936621200D801FD /* Foundation.framework */ = {isa = PBXFileReference; lastKnownFileType = wrapper.framework; name = Foundation.framework; path = System/Library/Frameworks/Foundation.framework; sourceTree = SDKROOT; };
		F16825301936621200D801FD /* CoreGraphics.framework */ = {isa = PBXFileReference; lastKnownFileType = wrapper.framework; name = CoreGraphics.framework; path = System/Library/Frameworks/CoreGraphics.framework; sourceTree = SDKROOT; };
		F16825321936621200D801FD /* UIKit.framework */ = {isa = PBXFileReference; lastKnownFileType = wrapper.framework; name = UIKit.framework; path = System/Library/Frameworks/UIKit.framework; sourceTree = SDKROOT; };
		F16825361936621200D801FD /* TableViewCellAutolayoutSizing-Info.plist */ = {isa = PBXFileReference; lastKnownFileType = text.plist.xml; path = "TableViewCellAutolayoutSizing-Info.plist"; sourceTree = "<group>"; };
		F16825381936621200D801FD /* en */ = {isa = PBXFileReference; lastKnownFileType = text.plist.strings; name = en; path = en.lproj/InfoPlist.strings; sourceTree = "<group>"; };
		F168253A1936621200D801FD /* main.m */ = {isa = PBXFileReference; lastKnownFileType = sourcecode.c.objc; path = main.m; sourceTree = "<group>"; };
		F168253C1936621200D801FD /* TableViewCellAutolayoutSizing-Prefix.pch */ = {isa = PBXFileReference; lastKnownFileType = sourcecode.c.h; path = "TableViewCellAutolayoutSizing-Prefix.pch"; sourceTree = "<group>"; };
		F168253D1936621200D801FD /* AppDelegate.h */ = {isa = PBXFileReference; lastKnownFileType = sourcecode.c.h; path = AppDelegate.h; sourceTree = "<group>"; };
		F168253E1936621200D801FD /* AppDelegate.m */ = {isa = PBXFileReference; lastKnownFileType = sourcecode.c.objc; path = AppDelegate.m; sourceTree = "<group>"; };
		F16825461936621200D801FD /* ViewController.h */ = {isa = PBXFileReference; lastKnownFileType = sourcecode.c.h; path = ViewController.h; sourceTree = "<group>"; };
		F16825471936621200D801FD /* ViewController.m */ = {isa = PBXFileReference; lastKnownFileType = sourcecode.c.objc; path = ViewController.m; sourceTree = "<group>"; };
		F16825491936621200D801FD /* Images.xcassets */ = {isa = PBXFileReference; lastKnownFileType = folder.assetcatalog; path = Images.xcassets; sourceTree = "<group>"; };
		F168254F1936621200D801FD /* TableViewCellAutolayoutSizingTests.xctest */ = {isa = PBXFileReference; explicitFileType = wrapper.cfbundle; includeInIndex = 0; path = TableViewCellAutolayoutSizingTests.xctest; sourceTree = BUILT_PRODUCTS_DIR; };
		F16825501936621200D801FD /* XCTest.framework */ = {isa = PBXFileReference; lastKnownFileType = wrapper.framework; name = XCTest.framework; path = Library/Frameworks/XCTest.framework; sourceTree = DEVELOPER_DIR; };
		F16825581936621200D801FD /* TableViewCellAutolayoutSizingTests-Info.plist */ = {isa = PBXFileReference; lastKnownFileType = text.plist.xml; path = "TableViewCellAutolayoutSizingTests-Info.plist"; sourceTree = "<group>"; };
		F168255A1936621200D801FD /* en */ = {isa = PBXFileReference; lastKnownFileType = text.plist.strings; name = en; path = en.lproj/InfoPlist.strings; sourceTree = "<group>"; };
		F168255C1936621200D801FD /* TableViewCellAutolayoutSizingTests.m */ = {isa = PBXFileReference; lastKnownFileType = sourcecode.c.objc; path = TableViewCellAutolayoutSizingTests.m; sourceTree = "<group>"; };
		F168256A193695CF00D801FD /* LabelTableViewCell.h */ = {isa = PBXFileReference; fileEncoding = 4; lastKnownFileType = sourcecode.c.h; path = LabelTableViewCell.h; sourceTree = "<group>"; };
		F168256B193695CF00D801FD /* LabelTableViewCell.m */ = {isa = PBXFileReference; fileEncoding = 4; lastKnownFileType = sourcecode.c.objc; path = LabelTableViewCell.m; sourceTree = "<group>"; };
/* End PBXFileReference section */

/* Begin PBXFrameworksBuildPhase section */
		F16825281936621200D801FD /* Frameworks */ = {
			isa = PBXFrameworksBuildPhase;
			buildActionMask = 2147483647;
			files = (
				F16825311936621200D801FD /* CoreGraphics.framework in Frameworks */,
				F16825331936621200D801FD /* UIKit.framework in Frameworks */,
				F168252F1936621200D801FD /* Foundation.framework in Frameworks */,
			);
			runOnlyForDeploymentPostprocessing = 0;
		};
		F168254C1936621200D801FD /* Frameworks */ = {
			isa = PBXFrameworksBuildPhase;
			buildActionMask = 2147483647;
			files = (
				F16825511936621200D801FD /* XCTest.framework in Frameworks */,
				F16825531936621200D801FD /* UIKit.framework in Frameworks */,
				F16825521936621200D801FD /* Foundation.framework in Frameworks */,
			);
			runOnlyForDeploymentPostprocessing = 0;
		};
/* End PBXFrameworksBuildPhase section */

/* Begin PBXGroup section */
		F16825221936621200D801FD = {
			isa = PBXGroup;
			children = (
				F16825341936621200D801FD /* TableViewCellAutolayoutSizing */,
				F16825561936621200D801FD /* TableViewCellAutolayoutSizingTests */,
				F168252D1936621200D801FD /* Frameworks */,
				F168252C1936621200D801FD /* Products */,
			);
			sourceTree = "<group>";
		};
		F168252C1936621200D801FD /* Products */ = {
			isa = PBXGroup;
			children = (
				F168252B1936621200D801FD /* TableViewCellAutolayoutSizing.app */,
				F168254F1936621200D801FD /* TableViewCellAutolayoutSizingTests.xctest */,
			);
			name = Products;
			sourceTree = "<group>";
		};
		F168252D1936621200D801FD /* Frameworks */ = {
			isa = PBXGroup;
			children = (
				F168252E1936621200D801FD /* Foundation.framework */,
				F16825301936621200D801FD /* CoreGraphics.framework */,
				F16825321936621200D801FD /* UIKit.framework */,
				F16825501936621200D801FD /* XCTest.framework */,
			);
			name = Frameworks;
			sourceTree = "<group>";
		};
		F16825341936621200D801FD /* TableViewCellAutolayoutSizing */ = {
			isa = PBXGroup;
			children = (
				F168253D1936621200D801FD /* AppDelegate.h */,
				F168253E1936621200D801FD /* AppDelegate.m */,
				F16825461936621200D801FD /* ViewController.h */,
				F16825471936621200D801FD /* ViewController.m */,
				F11B6773193C740600F8BE44 /* TableView.h */,
				F11B6774193C740600F8BE44 /* TableView.m */,
				F11B6776193D258F00F8BE44 /* UITableViewCell+AutolayoutSupport.h */,
				F11B6777193D258F00F8BE44 /* UITableViewCell+AutolayoutSupport.m */,
				F168256A193695CF00D801FD /* LabelTableViewCell.h */,
				F168256B193695CF00D801FD /* LabelTableViewCell.m */,
				F16825491936621200D801FD /* Images.xcassets */,
				F16825351936621200D801FD /* Supporting Files */,
			);
			path = TableViewCellAutolayoutSizing;
			sourceTree = "<group>";
		};
		F16825351936621200D801FD /* Supporting Files */ = {
			isa = PBXGroup;
			children = (
				F16825361936621200D801FD /* TableViewCellAutolayoutSizing-Info.plist */,
				F16825371936621200D801FD /* InfoPlist.strings */,
				F168253A1936621200D801FD /* main.m */,
				F168253C1936621200D801FD /* TableViewCellAutolayoutSizing-Prefix.pch */,
			);
			name = "Supporting Files";
			sourceTree = "<group>";
		};
		F16825561936621200D801FD /* TableViewCellAutolayoutSizingTests */ = {
			isa = PBXGroup;
			children = (
				F168255C1936621200D801FD /* TableViewCellAutolayoutSizingTests.m */,
				F16825571936621200D801FD /* Supporting Files */,
			);
			path = TableViewCellAutolayoutSizingTests;
			sourceTree = "<group>";
		};
		F16825571936621200D801FD /* Supporting Files */ = {
			isa = PBXGroup;
			children = (
				F16825581936621200D801FD /* TableViewCellAutolayoutSizingTests-Info.plist */,
				F16825591936621200D801FD /* InfoPlist.strings */,
			);
			name = "Supporting Files";
			sourceTree = "<group>";
		};
/* End PBXGroup section */

/* Begin PBXNativeTarget section */
		F168252A1936621200D801FD /* TableViewCellAutolayoutSizing */ = {
			isa = PBXNativeTarget;
			buildConfigurationList = F16825601936621200D801FD /* Build configuration list for PBXNativeTarget "TableViewCellAutolayoutSizing" */;
			buildPhases = (
				F16825271936621200D801FD /* Sources */,
				F16825281936621200D801FD /* Frameworks */,
				F16825291936621200D801FD /* Resources */,
			);
			buildRules = (
			);
			dependencies = (
			);
			name = TableViewCellAutolayoutSizing;
			productName = TableViewCellAutolayoutSizing;
			productReference = F168252B1936621200D801FD /* TableViewCellAutolayoutSizing.app */;
			productType = "com.apple.product-type.application";
		};
		F168254E1936621200D801FD /* TableViewCellAutolayoutSizingTests */ = {
			isa = PBXNativeTarget;
			buildConfigurationList = F16825631936621200D801FD /* Build configuration list for PBXNativeTarget "TableViewCellAutolayoutSizingTests" */;
			buildPhases = (
				F168254B1936621200D801FD /* Sources */,
				F168254C1936621200D801FD /* Frameworks */,
				F168254D1936621200D801FD /* Resources */,
			);
			buildRules = (
			);
			dependencies = (
				F16825551936621200D801FD /* PBXTargetDependency */,
			);
			name = TableViewCellAutolayoutSizingTests;
			productName = TableViewCellAutolayoutSizingTests;
			productReference = F168254F1936621200D801FD /* TableViewCellAutolayoutSizingTests.xctest */;
			productType = "com.apple.product-type.bundle.unit-test";
		};
/* End PBXNativeTarget section */

/* Begin PBXProject section */
		F16825231936621200D801FD /* Project object */ = {
			isa = PBXProject;
			attributes = {
				LastUpgradeCheck = 0510;
				ORGANIZATIONNAME = "Tom Abraham";
				TargetAttributes = {
					F168254E1936621200D801FD = {
						TestTargetID = F168252A1936621200D801FD;
					};
				};
			};
			buildConfigurationList = F16825261936621200D801FD /* Build configuration list for PBXProject "TableViewCellAutolayoutSizing" */;
			compatibilityVersion = "Xcode 3.2";
			developmentRegion = English;
			hasScannedForEncodings = 0;
			knownRegions = (
				en,
				Base,
			);
			mainGroup = F16825221936621200D801FD;
			productRefGroup = F168252C1936621200D801FD /* Products */;
			projectDirPath = "";
			projectRoot = "";
			targets = (
				F168252A1936621200D801FD /* TableViewCellAutolayoutSizing */,
				F168254E1936621200D801FD /* TableViewCellAutolayoutSizingTests */,
			);
		};
/* End PBXProject section */

/* Begin PBXResourcesBuildPhase section */
		F16825291936621200D801FD /* Resources */ = {
			isa = PBXResourcesBuildPhase;
			buildActionMask = 2147483647;
			files = (
				F168254A1936621200D801FD /* Images.xcassets in Resources */,
				F16825391936621200D801FD /* InfoPlist.strings in Resources */,
			);
			runOnlyForDeploymentPostprocessing = 0;
		};
		F168254D1936621200D801FD /* Resources */ = {
			isa = PBXResourcesBuildPhase;
			buildActionMask = 2147483647;
			files = (
				F168255B1936621200D801FD /* InfoPlist.strings in Resources */,
			);
			runOnlyForDeploymentPostprocessing = 0;
		};
/* End PBXResourcesBuildPhase section */

/* Begin PBXSourcesBuildPhase section */
		F16825271936621200D801FD /* Sources */ = {
			isa = PBXSourcesBuildPhase;
			buildActionMask = 2147483647;
			files = (
				F168256C193695CF00D801FD /* LabelTableViewCell.m in Sources */,
				F16825481936621200D801FD /* ViewController.m in Sources */,
				F11B6778193D258F00F8BE44 /* UITableViewCell+AutolayoutSupport.m in Sources */,
				F11B6775193C740600F8BE44 /* TableView.m in Sources */,
				F168253F1936621200D801FD /* AppDelegate.m in Sources */,
				F168253B1936621200D801FD /* main.m in Sources */,
			);
			runOnlyForDeploymentPostprocessing = 0;
		};
		F168254B1936621200D801FD /* Sources */ = {
			isa = PBXSourcesBuildPhase;
			buildActionMask = 2147483647;
			files = (
				F168256D193695CF00D801FD /* LabelTableViewCell.m in Sources */,
				F168255D1936621200D801FD /* TableViewCellAutolayoutSizingTests.m in Sources */,
				F11B6779193D258F00F8BE44 /* UITableViewCell+AutolayoutSupport.m in Sources */,
			);
			runOnlyForDeploymentPostprocessing = 0;
		};
/* End PBXSourcesBuildPhase section */

/* Begin PBXTargetDependency section */
		F16825551936621200D801FD /* PBXTargetDependency */ = {
			isa = PBXTargetDependency;
			target = F168252A1936621200D801FD /* TableViewCellAutolayoutSizing */;
			targetProxy = F16825541936621200D801FD /* PBXContainerItemProxy */;
		};
/* End PBXTargetDependency section */

/* Begin PBXVariantGroup section */
		F16825371936621200D801FD /* InfoPlist.strings */ = {
			isa = PBXVariantGroup;
			children = (
				F16825381936621200D801FD /* en */,
			);
			name = InfoPlist.strings;
			sourceTree = "<group>";
		};
		F16825591936621200D801FD /* InfoPlist.strings */ = {
			isa = PBXVariantGroup;
			children = (
				F168255A1936621200D801FD /* en */,
			);
			name = InfoPlist.strings;
			sourceTree = "<group>";
		};
/* End PBXVariantGroup section */

/* Begin XCBuildConfiguration section */
		F168255E1936621200D801FD /* Debug */ = {
			isa = XCBuildConfiguration;
			buildSettings = {
				ALWAYS_SEARCH_USER_PATHS = NO;
				CLANG_CXX_LANGUAGE_STANDARD = "gnu++0x";
				CLANG_CXX_LIBRARY = "libc++";
				CLANG_ENABLE_MODULES = YES;
				CLANG_ENABLE_OBJC_ARC = YES;
				CLANG_WARN_BOOL_CONVERSION = YES;
				CLANG_WARN_CONSTANT_CONVERSION = YES;
				CLANG_WARN_DIRECT_OBJC_ISA_USAGE = YES_ERROR;
				CLANG_WARN_EMPTY_BODY = YES;
				CLANG_WARN_ENUM_CONVERSION = YES;
				CLANG_WARN_INT_CONVERSION = YES;
				CLANG_WARN_OBJC_ROOT_CLASS = YES_ERROR;
				CLANG_WARN__DUPLICATE_METHOD_MATCH = YES;
				"CODE_SIGN_IDENTITY[sdk=iphoneos*]" = "iPhone Developer";
				COPY_PHASE_STRIP = NO;
				GCC_C_LANGUAGE_STANDARD = gnu99;
				GCC_DYNAMIC_NO_PIC = NO;
				GCC_OPTIMIZATION_LEVEL = 0;
				GCC_PREPROCESSOR_DEFINITIONS = (
					"DEBUG=1",
					"$(inherited)",
				);
				GCC_SYMBOLS_PRIVATE_EXTERN = NO;
				GCC_WARN_64_TO_32_BIT_CONVERSION = YES;
				GCC_WARN_ABOUT_RETURN_TYPE = YES_ERROR;
				GCC_WARN_UNDECLARED_SELECTOR = YES;
				GCC_WARN_UNINITIALIZED_AUTOS = YES_AGGRESSIVE;
				GCC_WARN_UNUSED_FUNCTION = YES;
				GCC_WARN_UNUSED_VARIABLE = YES;
				IPHONEOS_DEPLOYMENT_TARGET = 7.1;
				ONLY_ACTIVE_ARCH = YES;
				SDKROOT = iphoneos;
				TARGETED_DEVICE_FAMILY = "1,2";
			};
			name = Debug;
		};
		F168255F1936621200D801FD /* Release */ = {
			isa = XCBuildConfiguration;
			buildSettings = {
				ALWAYS_SEARCH_USER_PATHS = NO;
				CLANG_CXX_LANGUAGE_STANDARD = "gnu++0x";
				CLANG_CXX_LIBRARY = "libc++";
				CLANG_ENABLE_MODULES = YES;
				CLANG_ENABLE_OBJC_ARC = YES;
				CLANG_WARN_BOOL_CONVERSION = YES;
				CLANG_WARN_CONSTANT_CONVERSION = YES;
				CLANG_WARN_DIRECT_OBJC_ISA_USAGE = YES_ERROR;
				CLANG_WARN_EMPTY_BODY = YES;
				CLANG_WARN_ENUM_CONVERSION = YES;
				CLANG_WARN_INT_CONVERSION = YES;
				CLANG_WARN_OBJC_ROOT_CLASS = YES_ERROR;
				CLANG_WARN__DUPLICATE_METHOD_MATCH = YES;
				"CODE_SIGN_IDENTITY[sdk=iphoneos*]" = "iPhone Developer";
				COPY_PHASE_STRIP = YES;
				ENABLE_NS_ASSERTIONS = NO;
				GCC_C_LANGUAGE_STANDARD = gnu99;
				GCC_WARN_64_TO_32_BIT_CONVERSION = YES;
				GCC_WARN_ABOUT_RETURN_TYPE = YES_ERROR;
				GCC_WARN_UNDECLARED_SELECTOR = YES;
				GCC_WARN_UNINITIALIZED_AUTOS = YES_AGGRESSIVE;
				GCC_WARN_UNUSED_FUNCTION = YES;
				GCC_WARN_UNUSED_VARIABLE = YES;
				IPHONEOS_DEPLOYMENT_TARGET = 7.1;
				SDKROOT = iphoneos;
				TARGETED_DEVICE_FAMILY = "1,2";
				VALIDATE_PRODUCT = YES;
			};
			name = Release;
		};
		F16825611936621200D801FD /* Debug */ = {
			isa = XCBuildConfiguration;
			buildSettings = {
				ASSETCATALOG_COMPILER_APPICON_NAME = AppIcon;
				ASSETCATALOG_COMPILER_LAUNCHIMAGE_NAME = LaunchImage;
				GCC_PRECOMPILE_PREFIX_HEADER = YES;
				GCC_PREFIX_HEADER = "TableViewCellAutolayoutSizing/TableViewCellAutolayoutSizing-Prefix.pch";
				INFOPLIST_FILE = "TableViewCellAutolayoutSizing/TableViewCellAutolayoutSizing-Info.plist";
				PRODUCT_NAME = "$(TARGET_NAME)";
				WRAPPER_EXTENSION = app;
			};
			name = Debug;
		};
		F16825621936621200D801FD /* Release */ = {
			isa = XCBuildConfiguration;
			buildSettings = {
				ASSETCATALOG_COMPILER_APPICON_NAME = AppIcon;
				ASSETCATALOG_COMPILER_LAUNCHIMAGE_NAME = LaunchImage;
				GCC_PRECOMPILE_PREFIX_HEADER = YES;
				GCC_PREFIX_HEADER = "TableViewCellAutolayoutSizing/TableViewCellAutolayoutSizing-Prefix.pch";
				INFOPLIST_FILE = "TableViewCellAutolayoutSizing/TableViewCellAutolayoutSizing-Info.plist";
				PRODUCT_NAME = "$(TARGET_NAME)";
				WRAPPER_EXTENSION = app;
			};
			name = Release;
		};
		F16825641936621200D801FD /* Debug */ = {
			isa = XCBuildConfiguration;
			buildSettings = {
				BUNDLE_LOADER = "$(BUILT_PRODUCTS_DIR)/TableViewCellAutolayoutSizing.app/TableViewCellAutolayoutSizing";
				FRAMEWORK_SEARCH_PATHS = (
					"$(SDKROOT)/Developer/Library/Frameworks",
					"$(inherited)",
					"$(DEVELOPER_FRAMEWORKS_DIR)",
				);
				GCC_PRECOMPILE_PREFIX_HEADER = YES;
				GCC_PREFIX_HEADER = "TableViewCellAutolayoutSizing/TableViewCellAutolayoutSizing-Prefix.pch";
				GCC_PREPROCESSOR_DEFINITIONS = (
					"DEBUG=1",
					"$(inherited)",
				);
				INFOPLIST_FILE = "TableViewCellAutolayoutSizingTests/TableViewCellAutolayoutSizingTests-Info.plist";
				PRODUCT_NAME = "$(TARGET_NAME)";
				TEST_HOST = "$(BUNDLE_LOADER)";
				WRAPPER_EXTENSION = xctest;
			};
			name = Debug;
		};
		F16825651936621200D801FD /* Release */ = {
			isa = XCBuildConfiguration;
			buildSettings = {
				BUNDLE_LOADER = "$(BUILT_PRODUCTS_DIR)/TableViewCellAutolayoutSizing.app/TableViewCellAutolayoutSizing";
				FRAMEWORK_SEARCH_PATHS = (
					"$(SDKROOT)/Developer/Library/Frameworks",
					"$(inherited)",
					"$(DEVELOPER_FRAMEWORKS_DIR)",
				);
				GCC_PRECOMPILE_PREFIX_HEADER = YES;
				GCC_PREFIX_HEADER = "TableViewCellAutolayoutSizing/TableViewCellAutolayoutSizing-Prefix.pch";
				INFOPLIST_FILE = "TableViewCellAutolayoutSizingTests/TableViewCellAutolayoutSizingTests-Info.plist";
				PRODUCT_NAME = "$(TARGET_NAME)";
				TEST_HOST = "$(BUNDLE_LOADER)";
				WRAPPER_EXTENSION = xctest;
			};
			name = Release;
		};
/* End XCBuildConfiguration section */

/* Begin XCConfigurationList section */
		F16825261936621200D801FD /* Build configuration list for PBXProject "TableViewCellAutolayoutSizing" */ = {
			isa = XCConfigurationList;
			buildConfigurations = (
				F168255E1936621200D801FD /* Debug */,
				F168255F1936621200D801FD /* Release */,
			);
			defaultConfigurationIsVisible = 0;
			defaultConfigurationName = Release;
		};
		F16825601936621200D801FD /* Build configuration list for PBXNativeTarget "TableViewCellAutolayoutSizing" */ = {
			isa = XCConfigurationList;
			buildConfigurations = (
				F16825611936621200D801FD /* Debug */,
				F16825621936621200D801FD /* Release */,
			);
			defaultConfigurationIsVisible = 0;
			defaultConfigurationName = Release;
		};
		F16825631936621200D801FD /* Build configuration list for PBXNativeTarget "TableViewCellAutolayoutSizingTests" */ = {
			isa = XCConfigurationList;
			buildConfigurations = (
				F16825641936621200D801FD /* Debug */,
				F16825651936621200D801FD /* Release */,
			);
			defaultConfigurationIsVisible = 0;
			defaultConfigurationName = Release;
		};
/* End XCConfigurationList section */
	};
	rootObject = F16825231936621200D801FD /* Project object */;
}
